
Microsoft Visual Studio Solution File, Format Version 12.00
# Visual Studio 15
VisualStudioVersion = 15.0.28307.902
MinimumVisualStudioVersion = 10.0.40219.1
Project("{FAE04EC0-301F-11D3-BF4B-00C04F79EFBC}") = "Lines", "Lines\Lines.csproj", "{C9F35FFD-7A1F-426A-AAD6-B8199BF34826}"
EndProject
Project("{FAE04EC0-301F-11D3-BF4B-00C04F79EFBC}") = "ComponentLines", "ComponentLines\ComponentLines.csproj", "{4F4FEF0E-B56C-4994-8003-2974145DD9F5}"
EndProject
Global
	GlobalSection(SolutionConfigurationPlatforms) = preSolution
		Debug|Any CPU = Debug|Any CPU
		Release|Any CPU = Release|Any CPU
	EndGlobalSection
	GlobalSection(ProjectConfigurationPlatforms) = postSolution
		{C9F35FFD-7A1F-426A-AAD6-B8199BF34826}.Debug|Any CPU.ActiveCfg = Debug|Any CPU
		{C9F35FFD-7A1F-426A-AAD6-B8199BF34826}.Debug|Any CPU.Build.0 = Debug|Any CPU
		{C9F35FFD-7A1F-426A-AAD6-B8199BF34826}.Release|Any CPU.ActiveCfg = Release|Any CPU
		{C9F35FFD-7A1F-426A-AAD6-B8199BF34826}.Release|Any CPU.Build.0 = Release|Any CPU
		{4F4FEF0E-B56C-4994-8003-2974145DD9F5}.Debug|Any CPU.ActiveCfg = Debug|Any CPU
		{4F4FEF0E-B56C-4994-8003-2974145DD9F5}.Debug|Any CPU.Build.0 = Debug|Any CPU
		{4F4FEF0E-B56C-4994-8003-2974145DD9F5}.Release|Any CPU.ActiveCfg = Release|Any CPU
		{4F4FEF0E-B56C-4994-8003-2974145DD9F5}.Release|Any CPU.Build.0 = Release|Any CPU
	EndGlobalSection
	GlobalSection(SolutionProperties) = preSolution
		HideSolutionNode = FALSE
	EndGlobalSection
	GlobalSection(ExtensibilityGlobals) = postSolution
		SolutionGuid = {45AF0828-B79D-4479-ACAB-FA8A05F67A2A}
	EndGlobalSection
EndGlobal
